
Microsoft Visual Studio Solution File, Format Version 12.00
# Visual Studio 15
VisualStudioVersion = 15.0.28307.421
MinimumVisualStudioVersion = 10.0.40219.1
Project("{FAE04EC0-301F-11D3-BF4B-00C04F79EFBC}") = "LibraryManagementSystem", "LibraryManagementSystem\LibraryManagementSystem.csproj", "{7711B7EA-71E8-4051-AF81-A61614333729}"
EndProject
Global
	GlobalSection(SolutionConfigurationPlatforms) = preSolution
		Debug|Any CPU = Debug|Any CPU
		Release|Any CPU = Release|Any CPU
	EndGlobalSection
	GlobalSection(ProjectConfigurationPlatforms) = postSolution
		{7711B7EA-71E8-4051-AF81-A61614333729}.Debug|Any CPU.ActiveCfg = Debug|Any CPU
		{7711B7EA-71E8-4051-AF81-A61614333729}.Debug|Any CPU.Build.0 = Debug|Any CPU
		{7711B7EA-71E8-4051-AF81-A61614333729}.Release|Any CPU.ActiveCfg = Release|Any CPU
		{7711B7EA-71E8-4051-AF81-A61614333729}.Release|Any CPU.Build.0 = Release|Any CPU
	EndGlobalSection
	GlobalSection(SolutionProperties) = preSolution
		HideSolutionNode = FALSE
	EndGlobalSection
	GlobalSection(ExtensibilityGlobals) = postSolution
		SolutionGuid = {20D7338F-2531-4E11-A16F-A2DCDCA44404}
	EndGlobalSection
EndGlobal
